
Microsoft Visual Studio Solution File, Format Version 12.00
# Visual Studio Version 17
VisualStudioVersion = 17.7.34031.279
MinimumVisualStudioVersion = 10.0.40219.1
Project("{FAE04EC0-301F-11D3-BF4B-00C04F79EFBC}") = "QLCHDT", "QLCHDT.csproj", "{6E3E23D8-3999-4E3C-BF12-8B3111066A1D}"
EndProject
Global
	GlobalSection(SolutionConfigurationPlatforms) = preSolution
		Debug|Any CPU = Debug|Any CPU
		Release|Any CPU = Release|Any CPU
	EndGlobalSection
	GlobalSection(ProjectConfigurationPlatforms) = postSolution
		{6E3E23D8-3999-4E3C-BF12-8B3111066A1D}.Debug|Any CPU.ActiveCfg = Debug|Any CPU
		{6E3E23D8-3999-4E3C-BF12-8B3111066A1D}.Debug|Any CPU.Build.0 = Debug|Any CPU
		{6E3E23D8-3999-4E3C-BF12-8B3111066A1D}.Release|Any CPU.ActiveCfg = Release|Any CPU
		{6E3E23D8-3999-4E3C-BF12-8B3111066A1D}.Release|Any CPU.Build.0 = Release|Any CPU
	EndGlobalSection
	GlobalSection(SolutionProperties) = preSolution
		HideSolutionNode = FALSE
	EndGlobalSection
	GlobalSection(ExtensibilityGlobals) = postSolution
		SolutionGuid = {ECDF6C48-C67F-4A83-BA2A-FEC8427BDDF2}
	EndGlobalSection
EndGlobal
